
Microsoft Visual Studio Solution File, Format Version 12.00
# Visual Studio Version 16
VisualStudioVersion = 16.0.29509.3
MinimumVisualStudioVersion = 10.0.40219.1
Project("{FAE04EC0-301F-11D3-BF4B-00C04F79EFBC}") = "Incremental Age", "Incremental Age\Incremental Age.csproj", "{D1A10BB5-AD56-467C-978F-6DA08D486CA5}"
EndProject
Global
	GlobalSection(SolutionConfigurationPlatforms) = preSolution
		Debug|Any CPU = Debug|Any CPU
		Release|Any CPU = Release|Any CPU
	EndGlobalSection
	GlobalSection(ProjectConfigurationPlatforms) = postSolution
		{D1A10BB5-AD56-467C-978F-6DA08D486CA5}.Debug|Any CPU.ActiveCfg = Debug|Any CPU
		{D1A10BB5-AD56-467C-978F-6DA08D486CA5}.Debug|Any CPU.Build.0 = Debug|Any CPU
		{D1A10BB5-AD56-467C-978F-6DA08D486CA5}.Release|Any CPU.ActiveCfg = Release|Any CPU
		{D1A10BB5-AD56-467C-978F-6DA08D486CA5}.Release|Any CPU.Build.0 = Release|Any CPU
	EndGlobalSection
	GlobalSection(SolutionProperties) = preSolution
		HideSolutionNode = FALSE
	EndGlobalSection
	GlobalSection(ExtensibilityGlobals) = postSolution
		SolutionGuid = {972361F2-ECB5-4226-97C8-B2D55CF0F6F0}
	EndGlobalSection
EndGlobal
